
Microsoft Visual Studio Solution File, Format Version 12.00
# Visual Studio Version 16
VisualStudioVersion = 16.0.30413.136
MinimumVisualStudioVersion = 10.0.40219.1
Project("{FAE04EC0-301F-11D3-BF4B-00C04F79EFBC}") = "BankCoding", "BankCoding\BankCoding.csproj", "{B0D0D91A-EC6F-465F-91DA-ECC1EB19B400}"
EndProject
Global
	GlobalSection(SolutionConfigurationPlatforms) = preSolution
		Debug|Any CPU = Debug|Any CPU
		Release|Any CPU = Release|Any CPU
	EndGlobalSection
	GlobalSection(ProjectConfigurationPlatforms) = postSolution
		{B0D0D91A-EC6F-465F-91DA-ECC1EB19B400}.Debug|Any CPU.ActiveCfg = Debug|Any CPU
		{B0D0D91A-EC6F-465F-91DA-ECC1EB19B400}.Debug|Any CPU.Build.0 = Debug|Any CPU
		{B0D0D91A-EC6F-465F-91DA-ECC1EB19B400}.Release|Any CPU.ActiveCfg = Release|Any CPU
		{B0D0D91A-EC6F-465F-91DA-ECC1EB19B400}.Release|Any CPU.Build.0 = Release|Any CPU
	EndGlobalSection
	GlobalSection(SolutionProperties) = preSolution
		HideSolutionNode = FALSE
	EndGlobalSection
	GlobalSection(ExtensibilityGlobals) = postSolution
		SolutionGuid = {0E0E5CE0-ACF6-4A3A-AFD5-BE0273AD3BE9}
	EndGlobalSection
EndGlobal
